// !$*UTF8*$!
{
	archiveVersion = 1;
	classes = {
	};
	objectVersion = 77;
	objects = {

/* Begin PBXBuildFile section */
		8F11C56B2F31E5670028B308 /* VocabView.swift in Sources */ = {isa = PBXBuildFile; fileRef = 8F11C56A2F31E5670028B308 /* VocabView.swift */; };
		8F11C56C2F31E5670028B308 /* AppRoot.swift in Sources */ = {isa = PBXBuildFile; fileRef = 8F11C5652F31E5670028B308 /* AppRoot.swift */; };
		8F11C56D2F31E5670028B308 /* API.swift in Sources */ = {isa = PBXBuildFile; fileRef = 8F11C5642F31E5670028B308 /* API.swift */; };
		8F11C56E2F31E5670028B308 /* TodayView.swift in Sources */ = {isa = PBXBuildFile; fileRef = 8F11C5692F31E5670028B308 /* TodayView.swift */; };
		8F11C56F2F31E5670028B308 /* Models.swift in Sources */ = {isa = PBXBuildFile; fileRef = 8F11C5662F31E5670028B308 /* Models.swift */; };
		8F11C5702F31E5670028B308 /* ResultView.swift in Sources */ = {isa = PBXBuildFile; fileRef = 8F11C5682F31E5670028B308 /* ResultView.swift */; };
		8F11C5712F31E5670028B308 /* PuzzleView.swift in Sources */ = {isa = PBXBuildFile; fileRef = 8F11C5672F31E5670028B308 /* PuzzleView.swift */; };
		8F11C5732F31E6070028B308 /* puzzles.json in Resources */ = {isa = PBXBuildFile; fileRef = 8F11C5722F31E6070028B308 /* puzzles.json */; };
/* End PBXBuildFile section */

/* Begin PBXContainerItemProxy section */
		8F11C5482F31E4790028B308 /* PBXContainerItemProxy */ = {
			isa = PBXContainerItemProxy;
			containerPortal = 8F11C52F2F31E4770028B308 /* Project object */;
			proxyType = 1;
			remoteGlobalIDString = 8F11C5362F31E4770028B308;
			remoteInfo = "News Word Puzzle";
		};
		8F11C5522F31E4790028B308 /* PBXContainerItemProxy */ = {
			isa = PBXContainerItemProxy;
			containerPortal = 8F11C52F2F31E4770028B308 /* Project object */;
			proxyType = 1;
			remoteGlobalIDString = 8F11C5362F31E4770028B308;
			remoteInfo = "News Word Puzzle";
		};
/* End PBXContainerItemProxy section */

/* Begin PBXFileReference section */
		8F11C5372F31E4770028B308 /* News Word Puzzle.app */ = {isa = PBXFileReference; explicitFileType = wrapper.application; includeInIndex = 0; path = "News Word Puzzle.app"; sourceTree = BUILT_PRODUCTS_DIR; };
		8F11C5472F31E4790028B308 /* News Word PuzzleTests.xctest */ = {isa = PBXFileReference; explicitFileType = wrapper.cfbundle; includeInIndex = 0; path = "News Word PuzzleTests.xctest"; sourceTree = BUILT_PRODUCTS_DIR; };
		8F11C5512F31E4790028B308 /* News Word PuzzleUITests.xctest */ = {isa = PBXFileReference; explicitFileType = wrapper.cfbundle; includeInIndex = 0; path = "News Word PuzzleUITests.xctest"; sourceTree = BUILT_PRODUCTS_DIR; };
		8F11C5642F31E5670028B308 /* API.swift */ = {isa = PBXFileReference; lastKnownFileType = sourcecode.swift; path = API.swift; sourceTree = "<group>"; };
		8F11C5652F31E5670028B308 /* AppRoot.swift */ = {isa = PBXFileReference; lastKnownFileType = sourcecode.swift; path = AppRoot.swift; sourceTree = "<group>"; };
		8F11C5662F31E5670028B308 /* Models.swift */ = {isa = PBXFileReference; lastKnownFileType = sourcecode.swift; path = Models.swift; sourceTree = "<group>"; };
		8F11C5672F31E5670028B308 /* PuzzleView.swift */ = {isa = PBXFileReference; lastKnownFileType = sourcecode.swift; path = PuzzleView.swift; sourceTree = "<group>"; };
		8F11C5682F31E5670028B308 /* ResultView.swift */ = {isa = PBXFileReference; lastKnownFileType = sourcecode.swift; path = ResultView.swift; sourceTree = "<group>"; };
		8F11C5692F31E5670028B308 /* TodayView.swift */ = {isa = PBXFileReference; lastKnownFileType = sourcecode.swift; path = TodayView.swift; sourceTree = "<group>"; };
		8F11C56A2F31E5670028B308 /* VocabView.swift */ = {isa = PBXFileReference; lastKnownFileType = sourcecode.swift; path = VocabView.swift; sourceTree = "<group>"; };
		8F11C5722F31E6070028B308 /* puzzles.json */ = {isa = PBXFileReference; lastKnownFileType = text.json; path = puzzles.json; sourceTree = "<group>"; };
/* End PBXFileReference section */

/* Begin PBXFileSystemSynchronizedRootGroup section */
		8F11C5392F31E4770028B308 /* News Word Puzzle */ = {
			isa = PBXFileSystemSynchronizedRootGroup;
			path = "News Word Puzzle";
			sourceTree = "<group>";
		};
		8F11C54A2F31E4790028B308 /* News Word PuzzleTests */ = {
			isa = PBXFileSystemSynchronizedRootGroup;
			path = "News Word PuzzleTests";
			sourceTree = "<group>";
		};
		8F11C5542F31E4790028B308 /* News Word PuzzleUITests */ = {
			isa = PBXFileSystemSynchronizedRootGroup;
			path = "News Word PuzzleUITests";
			sourceTree = "<group>";
		};
/* End PBXFileSystemSynchronizedRootGroup section */

/* Begin PBXFrameworksBuildPhase section */
		8F11C5342F31E4770028B308 /* Frameworks */ = {
			isa = PBXFrameworksBuildPhase;
			buildActionMask = 2147483647;
			files = (
			);
			runOnlyForDeploymentPostprocessing = 0;
		};
		8F11C5442F31E4790028B308 /* Frameworks */ = {
			isa = PBXFrameworksBuildPhase;
			buildActionMask = 2147483647;
			files = (
			);
			runOnlyForDeploymentPostprocessing = 0;
		};
		8F11C54E2F31E4790028B308 /* Frameworks */ = {
			isa = PBXFrameworksBuildPhase;
			buildActionMask = 2147483647;
			files = (
			);
			runOnlyForDeploymentPostprocessing = 0;
		};
/* End PBXFrameworksBuildPhase section */

/* Begin PBXGroup section */
		8F11C52E2F31E4770028B308 = {
			isa = PBXGroup;
			children = (
				8F11C5722F31E6070028B308 /* puzzles.json */,
				8F11C5642F31E5670028B308 /* API.swift */,
				8F11C5652F31E5670028B308 /* AppRoot.swift */,
				8F11C5662F31E5670028B308 /* Models.swift */,
				8F11C5672F31E5670028B308 /* PuzzleView.swift */,
				8F11C5682F31E5670028B308 /* ResultView.swift */,
				8F11C5692F31E5670028B308 /* TodayView.swift */,
				8F11C56A2F31E5670028B308 /* VocabView.swift */,
				8F11C5392F31E4770028B308 /* News Word Puzzle */,
				8F11C54A2F31E4790028B308 /* News Word PuzzleTests */,
				8F11C5542F31E4790028B308 /* News Word PuzzleUITests */,
				8F11C5382F31E4770028B308 /* Products */,
			);
			sourceTree = "<group>";
		};
		8F11C5382F31E4770028B308 /* Products */ = {
			isa = PBXGroup;
			children = (
				8F11C5372F31E4770028B308 /* News Word Puzzle.app */,
				8F11C5472F31E4790028B308 /* News Word PuzzleTests.xctest */,
				8F11C5512F31E4790028B308 /* News Word PuzzleUITests.xctest */,
			);
			name = Products;
			sourceTree = "<group>";
		};
/* End PBXGroup section */

/* Begin PBXNativeTarget section */
		8F11C5362F31E4770028B308 /* News Word Puzzle */ = {
			isa = PBXNativeTarget;
			buildConfigurationList = 8F11C55B2F31E4790028B308 /* Build configuration list for PBXNativeTarget "News Word Puzzle" */;
			buildPhases = (
				8F11C5332F31E4770028B308 /* Sources */,
				8F11C5342F31E4770028B308 /* Frameworks */,
				8F11C5352F31E4770028B308 /* Resources */,
			);
			buildRules = (
			);
			dependencies = (
			);
			fileSystemSynchronizedGroups = (
				8F11C5392F31E4770028B308 /* News Word Puzzle */,
			);
			name = "News Word Puzzle";
			packageProductDependencies = (
			);
			productName = "News Word Puzzle";
			productReference = 8F11C5372F31E4770028B308 /* News Word Puzzle.app */;
			productType = "com.apple.product-type.application";
		};
		8F11C5462F31E4790028B308 /* News Word PuzzleTests */ = {
			isa = PBXNativeTarget;
			buildConfigurationList = 8F11C55E2F31E4790028B308 /* Build configuration list for PBXNativeTarget "News Word PuzzleTests" */;
			buildPhases = (
				8F11C5432F31E4790028B308 /* Sources */,
				8F11C5442F31E4790028B308 /* Frameworks */,
				8F11C5452F31E4790028B308 /* Resources */,
			);
			buildRules = (
			);
			dependencies = (
				8F11C5492F31E4790028B308 /* PBXTargetDependency */,
			);
			fileSystemSynchronizedGroups = (
				8F11C54A2F31E4790028B308 /* News Word PuzzleTests */,
			);
			name = "News Word PuzzleTests";
			packageProductDependencies = (
			);
			productName = "News Word PuzzleTests";
			productReference = 8F11C5472F31E4790028B308 /* News Word PuzzleTests.xctest */;
			productType = "com.apple.product-type.bundle.unit-test";
		};
		8F11C5502F31E4790028B308 /* News Word PuzzleUITests */ = {
			isa = PBXNativeTarget;
			buildConfigurationList = 8F11C5612F31E4790028B308 /* Build configuration list for PBXNativeTarget "News Word PuzzleUITests" */;
			buildPhases = (
				8F11C54D2F31E4790028B308 /* Sources */,
				8F11C54E2F31E4790028B308 /* Frameworks */,
				8F11C54F2F31E4790028B308 /* Resources */,
			);
			buildRules = (
			);
			dependencies = (
				8F11C5532F31E4790028B308 /* PBXTargetDependency */,
			);
			fileSystemSynchronizedGroups = (
				8F11C5542F31E4790028B308 /* News Word PuzzleUITests */,
			);
			name = "News Word PuzzleUITests";
			packageProductDependencies = (
			);
			productName = "News Word PuzzleUITests";
			productReference = 8F11C5512F31E4790028B308 /* News Word PuzzleUITests.xctest */;
			productType = "com.apple.product-type.bundle.ui-testing";
		};
/* End PBXNativeTarget section */

/* Begin PBXProject section */
		8F11C52F2F31E4770028B308 /* Project object */ = {
			isa = PBXProject;
			attributes = {
				BuildIndependentTargetsInParallel = 1;
				LastSwiftUpdateCheck = 1620;
				LastUpgradeCheck = 1620;
				TargetAttributes = {
					8F11C5362F31E4770028B308 = {
						CreatedOnToolsVersion = 16.2;
					};
					8F11C5462F31E4790028B308 = {
						CreatedOnToolsVersion = 16.2;
						TestTargetID = 8F11C5362F31E4770028B308;
					};
					8F11C5502F31E4790028B308 = {
						CreatedOnToolsVersion = 16.2;
						TestTargetID = 8F11C5362F31E4770028B308;
					};
				};
			};
			buildConfigurationList = 8F11C5322F31E4770028B308 /* Build configuration list for PBXProject "News Word Puzzle" */;
			developmentRegion = en;
			hasScannedForEncodings = 0;
			knownRegions = (
				en,
				Base,
			);
			mainGroup = 8F11C52E2F31E4770028B308;
			minimizedProjectReferenceProxies = 1;
			preferredProjectObjectVersion = 77;
			productRefGroup = 8F11C5382F31E4770028B308 /* Products */;
			projectDirPath = "";
			projectRoot = "";
			targets = (
				8F11C5362F31E4770028B308 /* News Word Puzzle */,
				8F11C5462F31E4790028B308 /* News Word PuzzleTests */,
				8F11C5502F31E4790028B308 /* News Word PuzzleUITests */,
			);
		};
/* End PBXProject section */

/* Begin PBXResourcesBuildPhase section */
		8F11C5352F31E4770028B308 /* Resources */ = {
			isa = PBXResourcesBuildPhase;
			buildActionMask = 2147483647;
			files = (
				8F11C5732F31E6070028B308 /* puzzles.json in Resources */,
			);
			runOnlyForDeploymentPostprocessing = 0;
		};
		8F11C5452F31E4790028B308 /* Resources */ = {
			isa = PBXResourcesBuildPhase;
			buildActionMask = 2147483647;
			files = (
			);
			runOnlyForDeploymentPostprocessing = 0;
		};
		8F11C54F2F31E4790028B308 /* Resources */ = {
			isa = PBXResourcesBuildPhase;
			buildActionMask = 2147483647;
			files = (
			);
			runOnlyForDeploymentPostprocessing = 0;
		};
/* End PBXResourcesBuildPhase section */

/* Begin PBXSourcesBuildPhase section */
		8F11C5332F31E4770028B308 /* Sources */ = {
			isa = PBXSourcesBuildPhase;
			buildActionMask = 2147483647;
			files = (
				8F11C56B2F31E5670028B308 /* VocabView.swift in Sources */,
				8F11C56C2F31E5670028B308 /* AppRoot.swift in Sources */,
				8F11C56D2F31E5670028B308 /* API.swift in Sources */,
				8F11C56E2F31E5670028B308 /* TodayView.swift in Sources */,
				8F11C56F2F31E5670028B308 /* Models.swift in Sources */,
				8F11C5702F31E5670028B308 /* ResultView.swift in Sources */,
				8F11C5712F31E5670028B308 /* PuzzleView.swift in Sources */,
			);
			runOnlyForDeploymentPostprocessing = 0;
		};
		8F11C5432F31E4790028B308 /* Sources */ = {
			isa = PBXSourcesBuildPhase;
			buildActionMask = 2147483647;
			files = (
			);
			runOnlyForDeploymentPostprocessing = 0;
		};
		8F11C54D2F31E4790028B308 /* Sources */ = {
			isa = PBXSourcesBuildPhase;
			buildActionMask = 2147483647;
			files = (
			);
			runOnlyForDeploymentPostprocessing = 0;
		};
/* End PBXSourcesBuildPhase section */

/* Begin PBXTargetDependency section */
		8F11C5492F31E4790028B308 /* PBXTargetDependency */ = {
			isa = PBXTargetDependency;
			target = 8F11C5362F31E4770028B308 /* News Word Puzzle */;
			targetProxy = 8F11C5482F31E4790028B308 /* PBXContainerItemProxy */;
		};
		8F11C5532F31E4790028B308 /* PBXTargetDependency */ = {
			isa = PBXTargetDependency;
			target = 8F11C5362F31E4770028B308 /* News Word Puzzle */;
			targetProxy = 8F11C5522F31E4790028B308 /* PBXContainerItemProxy */;
		};
/* End PBXTargetDependency section */

/* Begin XCBuildConfiguration section */
		8F11C5592F31E4790028B308 /* Debug */ = {
			isa = XCBuildConfiguration;
			buildSettings = {
				ALWAYS_SEARCH_USER_PATHS = NO;
				ASSETCATALOG_COMPILER_GENERATE_SWIFT_ASSET_SYMBOL_EXTENSIONS = YES;
				CLANG_ANALYZER_NONNULL = YES;
				CLANG_ANALYZER_NUMBER_OBJECT_CONVERSION = YES_AGGRESSIVE;
				CLANG_CXX_LANGUAGE_STANDARD = "gnu++20";
				CLANG_ENABLE_MODULES = YES;
				CLANG_ENABLE_OBJC_ARC = YES;
				CLANG_ENABLE_OBJC_WEAK = YES;
				CLANG_WARN_BLOCK_CAPTURE_AUTORELEASING = YES;
				CLANG_WARN_BOOL_CONVERSION = YES;
				CLANG_WARN_COMMA = YES;
				CLANG_WARN_CONSTANT_CONVERSION = YES;
				CLANG_WARN_DEPRECATED_OBJC_IMPLEMENTATIONS = YES;
				CLANG_WARN_DIRECT_OBJC_ISA_USAGE = YES_ERROR;
				CLANG_WARN_DOCUMENTATION_COMMENTS = YES;
				CLANG_WARN_EMPTY_BODY = YES;
				CLANG_WARN_ENUM_CONVERSION = YES;
				CLANG_WARN_INFINITE_RECURSION = YES;
				CLANG_WARN_INT_CONVERSION = YES;
				CLANG_WARN_NON_LITERAL_NULL_CONVERSION = YES;
				CLANG_WARN_OBJC_IMPLICIT_RETAIN_SELF = YES;
				CLANG_WARN_OBJC_LITERAL_CONVERSION = YES;
				CLANG_WARN_OBJC_ROOT_CLASS = YES_ERROR;
				CLANG_WARN_QUOTED_INCLUDE_IN_FRAMEWORK_HEADER = YES;
				CLANG_WARN_RANGE_LOOP_ANALYSIS = YES;
				CLANG_WARN_STRICT_PROTOTYPES = YES;
				CLANG_WARN_SUSPICIOUS_MOVE = YES;
				CLANG_WARN_UNGUARDED_AVAILABILITY = YES_AGGRESSIVE;
				CLANG_WARN_UNREACHABLE_CODE = YES;
				CLANG_WARN__DUPLICATE_METHOD_MATCH = YES;
				COPY_PHASE_STRIP = NO;
				DEBUG_INFORMATION_FORMAT = dwarf;
				ENABLE_STRICT_OBJC_MSGSEND = YES;
				ENABLE_TESTABILITY = YES;
				ENABLE_USER_SCRIPT_SANDBOXING = YES;
				GCC_C_LANGUAGE_STANDARD = gnu17;
				GCC_DYNAMIC_NO_PIC = NO;
				GCC_NO_COMMON_BLOCKS = YES;
				GCC_OPTIMIZATION_LEVEL = 0;
				GCC_PREPROCESSOR_DEFINITIONS = (
					"DEBUG=1",
					"$(inherited)",
				);
				GCC_WARN_64_TO_32_BIT_CONVERSION = YES;
				GCC_WARN_ABOUT_RETURN_TYPE = YES_ERROR;
				GCC_WARN_UNDECLARED_SELECTOR = YES;
				GCC_WARN_UNINITIALIZED_AUTOS = YES_AGGRESSIVE;
				GCC_WARN_UNUSED_FUNCTION = YES;
				GCC_WARN_UNUSED_VARIABLE = YES;
				IPHONEOS_DEPLOYMENT_TARGET = 18.2;
				LOCALIZATION_PREFERS_STRING_CATALOGS = YES;
				MTL_ENABLE_DEBUG_INFO = INCLUDE_SOURCE;
				MTL_FAST_MATH = YES;
				ONLY_ACTIVE_ARCH = YES;
				SDKROOT = iphoneos;
				SWIFT_ACTIVE_COMPILATION_CONDITIONS = "DEBUG $(inherited)";
				SWIFT_OPTIMIZATION_LEVEL = "-Onone";
			};
			name = Debug;
		};
		8F11C55A2F31E4790028B308 /* Release */ = {
			isa = XCBuildConfiguration;
			buildSettings = {
				ALWAYS_SEARCH_USER_PATHS = NO;
				ASSETCATALOG_COMPILER_GENERATE_SWIFT_ASSET_SYMBOL_EXTENSIONS = YES;
				CLANG_ANALYZER_NONNULL = YES;
				CLANG_ANALYZER_NUMBER_OBJECT_CONVERSION = YES_AGGRESSIVE;
				CLANG_CXX_LANGUAGE_STANDARD = "gnu++20";
				CLANG_ENABLE_MODULES = YES;
				CLANG_ENABLE_OBJC_ARC = YES;
				CLANG_ENABLE_OBJC_WEAK = YES;
				CLANG_WARN_BLOCK_CAPTURE_AUTORELEASING = YES;
				CLANG_WARN_BOOL_CONVERSION = YES;
				CLANG_WARN_COMMA = YES;
				CLANG_WARN_CONSTANT_CONVERSION = YES;
				CLANG_WARN_DEPRECATED_OBJC_IMPLEMENTATIONS = YES;
				CLANG_WARN_DIRECT_OBJC_ISA_USAGE = YES_ERROR;
				CLANG_WARN_DOCUMENTATION_COMMENTS = YES;
				CLANG_WARN_EMPTY_BODY = YES;
				CLANG_WARN_ENUM_CONVERSION = YES;
				CLANG_WARN_INFINITE_RECURSION = YES;
				CLANG_WARN_INT_CONVERSION = YES;
				CLANG_WARN_NON_LITERAL_NULL_CONVERSION = YES;
				CLANG_WARN_OBJC_IMPLICIT_RETAIN_SELF = YES;
				CLANG_WARN_OBJC_LITERAL_CONVERSION = YES;
				CLANG_WARN_OBJC_ROOT_CLASS = YES_ERROR;
				CLANG_WARN_QUOTED_INCLUDE_IN_FRAMEWORK_HEADER = YES;
				CLANG_WARN_RANGE_LOOP_ANALYSIS = YES;
				CLANG_WARN_STRICT_PROTOTYPES = YES;
				CLANG_WARN_SUSPICIOUS_MOVE = YES;
				CLANG_WARN_UNGUARDED_AVAILABILITY = YES_AGGRESSIVE;
				CLANG_WARN_UNREACHABLE_CODE = YES;
				CLANG_WARN__DUPLICATE_METHOD_MATCH = YES;
				COPY_PHASE_STRIP = NO;
				DEBUG_INFORMATION_FORMAT = "dwarf-with-dsym";
				ENABLE_NS_ASSERTIONS = NO;
				ENABLE_STRICT_OBJC_MSGSEND = YES;
				ENABLE_USER_SCRIPT_SANDBOXING = YES;
				GCC_C_LANGUAGE_STANDARD = gnu17;
				GCC_NO_COMMON_BLOCKS = YES;
				GCC_WARN_64_TO_32_BIT_CONVERSION = YES;
				GCC_WARN_ABOUT_RETURN_TYPE = YES_ERROR;
				GCC_WARN_UNDECLARED_SELECTOR = YES;
				GCC_WARN_UNINITIALIZED_AUTOS = YES_AGGRESSIVE;
				GCC_WARN_UNUSED_FUNCTION = YES;
				GCC_WARN_UNUSED_VARIABLE = YES;
				IPHONEOS_DEPLOYMENT_TARGET = 18.2;
				LOCALIZATION_PREFERS_STRING_CATALOGS = YES;
				MTL_ENABLE_DEBUG_INFO = NO;
				MTL_FAST_MATH = YES;
				SDKROOT = iphoneos;
				SWIFT_COMPILATION_MODE = wholemodule;
				VALIDATE_PRODUCT = YES;
			};
			name = Release;
		};
		8F11C55C2F31E4790028B308 /* Debug */ = {
			isa = XCBuildConfiguration;
			buildSettings = {
				ASSETCATALOG_COMPILER_APPICON_NAME = AppIcon;
				ASSETCATALOG_COMPILER_GLOBAL_ACCENT_COLOR_NAME = AccentColor;
				CODE_SIGN_STYLE = Automatic;
				CURRENT_PROJECT_VERSION = 1;
				DEVELOPMENT_ASSET_PATHS = "\"News Word Puzzle/Preview Content\"";
				ENABLE_PREVIEWS = YES;
				GENERATE_INFOPLIST_FILE = YES;
				INFOPLIST_KEY_UIApplicationSceneManifest_Generation = YES;
				INFOPLIST_KEY_UIApplicationSupportsIndirectInputEvents = YES;
				INFOPLIST_KEY_UILaunchScreen_Generation = YES;
				INFOPLIST_KEY_UISupportedInterfaceOrientations_iPad = "UIInterfaceOrientationPortrait UIInterfaceOrientationPortraitUpsideDown UIInterfaceOrientationLandscapeLeft UIInterfaceOrientationLandscapeRight";
				INFOPLIST_KEY_UISupportedInterfaceOrientations_iPhone = "UIInterfaceOrientationPortrait UIInterfaceOrientationLandscapeLeft UIInterfaceOrientationLandscapeRight";
				LD_RUNPATH_SEARCH_PATHS = (
					"$(inherited)",
					"@executable_path/Frameworks",
				);
				MARKETING_VERSION = 1.0;
				PRODUCT_BUNDLE_IDENTIFIER = "com.asahisenglish.News-Word-Puzzle";
				PRODUCT_NAME = "$(TARGET_NAME)";
				SWIFT_EMIT_LOC_STRINGS = YES;
				SWIFT_VERSION = 5.0;
				TARGETED_DEVICE_FAMILY = "1,2";
			};
			name = Debug;
		};
		8F11C55D2F31E4790028B308 /* Release */ = {
			isa = XCBuildConfiguration;
			buildSettings = {
				ASSETCATALOG_COMPILER_APPICON_NAME = AppIcon;
				ASSETCATALOG_COMPILER_GLOBAL_ACCENT_COLOR_NAME = AccentColor;
				CODE_SIGN_STYLE = Automatic;
				CURRENT_PROJECT_VERSION = 1;
				DEVELOPMENT_ASSET_PATHS = "\"News Word Puzzle/Preview Content\"";
				ENABLE_PREVIEWS = YES;
				GENERATE_INFOPLIST_FILE = YES;
				INFOPLIST_KEY_UIApplicationSceneManifest_Generation = YES;
				INFOPLIST_KEY_UIApplicationSupportsIndirectInputEvents = YES;
				INFOPLIST_KEY_UILaunchScreen_Generation = YES;
				INFOPLIST_KEY_UISupportedInterfaceOrientations_iPad = "UIInterfaceOrientationPortrait UIInterfaceOrientationPortraitUpsideDown UIInterfaceOrientationLandscapeLeft UIInterfaceOrientationLandscapeRight";
				INFOPLIST_KEY_UISupportedInterfaceOrientations_iPhone = "UIInterfaceOrientationPortrait UIInterfaceOrientationLandscapeLeft UIInterfaceOrientationLandscapeRight";
				LD_RUNPATH_SEARCH_PATHS = (
					"$(inherited)",
					"@executable_path/Frameworks",
				);
				MARKETING_VERSION = 1.0;
				PRODUCT_BUNDLE_IDENTIFIER = "com.asahisenglish.News-Word-Puzzle";
				PRODUCT_NAME = "$(TARGET_NAME)";
				SWIFT_EMIT_LOC_STRINGS = YES;
				SWIFT_VERSION = 5.0;
				TARGETED_DEVICE_FAMILY = "1,2";
			};
			name = Release;
		};
		8F11C55F2F31E4790028B308 /* Debug */ = {
			isa = XCBuildConfiguration;
			buildSettings = {
				BUNDLE_LOADER = "$(TEST_HOST)";
				CODE_SIGN_STYLE = Automatic;
				CURRENT_PROJECT_VERSION = 1;
				GENERATE_INFOPLIST_FILE = YES;
				IPHONEOS_DEPLOYMENT_TARGET = 18.2;
				MARKETING_VERSION = 1.0;
				PRODUCT_BUNDLE_IDENTIFIER = "com.asahisenglish.News-Word-PuzzleTests";
				PRODUCT_NAME = "$(TARGET_NAME)";
				SWIFT_EMIT_LOC_STRINGS = NO;
				SWIFT_VERSION = 5.0;
				TARGETED_DEVICE_FAMILY = "1,2";
				TEST_HOST = "$(BUILT_PRODUCTS_DIR)/News Word Puzzle.app/$(BUNDLE_EXECUTABLE_FOLDER_PATH)/News Word Puzzle";
			};
			name = Debug;
		};
		8F11C5602F31E4790028B308 /* Release */ = {
			isa = XCBuildConfiguration;
			buildSettings = {
				BUNDLE_LOADER = "$(TEST_HOST)";
				CODE_SIGN_STYLE = Automatic;
				CURRENT_PROJECT_VERSION = 1;
				GENERATE_INFOPLIST_FILE = YES;
				IPHONEOS_DEPLOYMENT_TARGET = 18.2;
				MARKETING_VERSION = 1.0;
				PRODUCT_BUNDLE_IDENTIFIER = "com.asahisenglish.News-Word-PuzzleTests";
				PRODUCT_NAME = "$(TARGET_NAME)";
				SWIFT_EMIT_LOC_STRINGS = NO;
				SWIFT_VERSION = 5.0;
				TARGETED_DEVICE_FAMILY = "1,2";
				TEST_HOST = "$(BUILT_PRODUCTS_DIR)/News Word Puzzle.app/$(BUNDLE_EXECUTABLE_FOLDER_PATH)/News Word Puzzle";
			};
			name = Release;
		};
		8F11C5622F31E4790028B308 /* Debug */ = {
			isa = XCBuildConfiguration;
			buildSettings = {
				CODE_SIGN_STYLE = Automatic;
				CURRENT_PROJECT_VERSION = 1;
				GENERATE_INFOPLIST_FILE = YES;
				MARKETING_VERSION = 1.0;
				PRODUCT_BUNDLE_IDENTIFIER = "com.asahisenglish.News-Word-PuzzleUITests";
				PRODUCT_NAME = "$(TARGET_NAME)";
				SWIFT_EMIT_LOC_STRINGS = NO;
				SWIFT_VERSION = 5.0;
				TARGETED_DEVICE_FAMILY = "1,2";
				TEST_TARGET_NAME = "News Word Puzzle";
			};
			name = Debug;
		};
		8F11C5632F31E4790028B308 /* Release */ = {
			isa = XCBuildConfiguration;
			buildSettings = {
				CODE_SIGN_STYLE = Automatic;
				CURRENT_PROJECT_VERSION = 1;
				GENERATE_INFOPLIST_FILE = YES;
				MARKETING_VERSION = 1.0;
				PRODUCT_BUNDLE_IDENTIFIER = "com.asahisenglish.News-Word-PuzzleUITests";
				PRODUCT_NAME = "$(TARGET_NAME)";
				SWIFT_EMIT_LOC_STRINGS = NO;
				SWIFT_VERSION = 5.0;
				TARGETED_DEVICE_FAMILY = "1,2";
				TEST_TARGET_NAME = "News Word Puzzle";
			};
			name = Release;
		};
/* End XCBuildConfiguration section */

/* Begin XCConfigurationList section */
		8F11C5322F31E4770028B308 /* Build configuration list for PBXProject "News Word Puzzle" */ = {
			isa = XCConfigurationList;
			buildConfigurations = (
				8F11C5592F31E4790028B308 /* Debug */,
				8F11C55A2F31E4790028B308 /* Release */,
			);
			defaultConfigurationIsVisible = 0;
			defaultConfigurationName = Release;
		};
		8F11C55B2F31E4790028B308 /* Build configuration list for PBXNativeTarget "News Word Puzzle" */ = {
			isa = XCConfigurationList;
			buildConfigurations = (
				8F11C55C2F31E4790028B308 /* Debug */,
				8F11C55D2F31E4790028B308 /* Release */,
			);
			defaultConfigurationIsVisible = 0;
			defaultConfigurationName = Release;
		};
		8F11C55E2F31E4790028B308 /* Build configuration list for PBXNativeTarget "News Word PuzzleTests" */ = {
			isa = XCConfigurationList;
			buildConfigurations = (
				8F11C55F2F31E4790028B308 /* Debug */,
				8F11C5602F31E4790028B308 /* Release */,
			);
			defaultConfigurationIsVisible = 0;
			defaultConfigurationName = Release;
		};
		8F11C5612F31E4790028B308 /* Build configuration list for PBXNativeTarget "News Word PuzzleUITests" */ = {
			isa = XCConfigurationList;
			buildConfigurations = (
				8F11C5622F31E4790028B308 /* Debug */,
				8F11C5632F31E4790028B308 /* Release */,
			);
			defaultConfigurationIsVisible = 0;
			defaultConfigurationName = Release;
		};
/* End XCConfigurationList section */
	};
	rootObject = 8F11C52F2F31E4770028B308 /* Project object */;
}
